<?xml version="1.0" encoding="utf-8"?>
<Project ToolsVersion="4.0" xmlns="http://schemas.microsoft.com/developer/msbuild/2003">
  <ItemGroup>
    <Filter Include="Source Files">
      <UniqueIdentifier>{4FC737F1-C7A5-4376-A066-2A32D752A2FF}</UniqueIdentifier>
      <Extensions>cpp;c;cc;cxx;def;odl;idl;hpj;bat;asm;asmx</Extensions>
    </Filter>
    <Filter Include="Header Files">
      <UniqueIdentifier>{93995380-89BD-4b04-88EB-625FBE52EBFB}</UniqueIdentifier>
      <Extensions>h;hpp;hxx;hm;inl;inc;xsd</Extensions>
    </Filter>
    <Filter Include="Resource Files">
      <UniqueIdentifier>{67DA6AB6-F800-4c08-8B7A-83BB121AAD01}</UniqueIdentifier>
      <Extensions>rc;ico;cur;bmp;dlg;rc2;rct;bin;rgs;gif;jpg;jpeg;jpe;resx;tiff;tif;png;wav;mfcribbon-ms</Extensions>
    </Filter>
  </ItemGroup>
  <ItemGroup>
    <ClInclude Include="ShaderGroupScript.h" />
    <ClInclude Include="SGSScript.h">
      <Filter>Header Files</Filter>
    </ClInclude>
    <ClInclude Include="SGSScriptParser.h">
      <Filter>Header Files</Filter>
    </ClInclude>
    <ClInclude Include="SGSShader.h">
      <Filter>Header Files</Filter>
    </ClInclude>
    <ClInclude Include="SGSAnnotation.h">
      <Filter>Header Files</Filter>
    </ClInclude>
    <ClInclude Include="SGSParameter.h">
      <Filter>Header Files</Filter>
    </ClInclude>
    <ClInclude Include="SGSProperty.h">
      <Filter>Header Files</Filter>
    </ClInclude>
    <ClInclude Include="SGSTechnique.h">
      <Filter>Header Files</Filter>
    </ClInclude>
    <ClInclude Include="SGSPass.h">
      <Filter>Header Files</Filter>
    </ClInclude>
    <ClInclude Include="SGSExpression.h">
      <Filter>Header Files</Filter>
    </ClInclude>
    <ClInclude Include="SGSValue.h">
      <Filter>Header Files</Filter>
    </ClInclude>
    <ClInclude Include="ISGSUserFunction.h">
      <Filter>Header Files</Filter>
    </ClInclude>
    <ClInclude Include="SGSFunctionFromFile.h">
      <Filter>Header Files</Filter>
    </ClInclude>
  </ItemGroup>
  <ItemGroup>
    <ClCompile Include="ShaderGroupScript.cpp" />
    <ClCompile Include="SGSScriptParser.cpp">
      <Filter>Source Files</Filter>
    </ClCompile>
    <ClCompile Include="SGSShader.cpp">
      <Filter>Source Files</Filter>
    </ClCompile>
    <ClCompile Include="SGSAnnotation.cpp">
      <Filter>Source Files</Filter>
    </ClCompile>
    <ClCompile Include="SGSParameter.cpp">
      <Filter>Source Files</Filter>
    </ClCompile>
    <ClCompile Include="SGSTechnique.cpp">
      <Filter>Source Files</Filter>
    </ClCompile>
    <ClCompile Include="SGSPass.cpp">
      <Filter>Source Files</Filter>
    </ClCompile>
    <ClCompile Include="SGSExpression.cpp">
      <Filter>Source Files</Filter>
    </ClCompile>
    <ClCompile Include="SGSScript.cpp">
      <Filter>Source Files</Filter>
    </ClCompile>
    <ClCompile Include="SGSFunctionFromFile.cpp">
      <Filter>Source Files</Filter>
    </ClCompile>
  </ItemGroup>
</Project>