<?xml version="1.0" encoding="utf-8"?>
<Project ToolsVersion="4.0" xmlns="http://schemas.microsoft.com/developer/msbuild/2003">
  <ItemGroup>
    <Filter Include="Source Files">
      <UniqueIdentifier>{4FC737F1-C7A5-4376-A066-2A32D752A2FF}</UniqueIdentifier>
      <Extensions>cpp;c;cc;cxx;def;odl;idl;hpj;bat;asm;asmx</Extensions>
    </Filter>
    <Filter Include="Header Files">
      <UniqueIdentifier>{93995380-89BD-4b04-88EB-625FBE52EBFB}</UniqueIdentifier>
      <Extensions>h;hpp;hxx;hm;inl;inc;xsd</Extensions>
    </Filter>
    <Filter Include="Resource Files">
      <UniqueIdentifier>{67DA6AB6-F800-4c08-8B7A-83BB121AAD01}</UniqueIdentifier>
      <Extensions>rc;ico;cur;bmp;dlg;rc2;rct;bin;rgs;gif;jpg;jpeg;jpe;resx;tiff;tif;png;wav</Extensions>
    </Filter>
  </ItemGroup>
  <ItemGroup>
    <ClCompile Include="CRDepthBufferD3D.cpp">
      <Filter>Source Files</Filter>
    </ClCompile>
    <ClCompile Include="CREffectD3DTemplate.cpp">
      <Filter>Source Files</Filter>
    </ClCompile>
    <ClCompile Include="CRIndexBufferD3D.cpp">
      <Filter>Source Files</Filter>
    </ClCompile>
    <ClCompile Include="CRRendererD3D.cpp">
      <Filter>Source Files</Filter>
    </ClCompile>
    <ClCompile Include="CRRenderGroupD3D.cpp">
      <Filter>Source Files</Filter>
    </ClCompile>
    <ClCompile Include="CRResourceMgrD3D.cpp">
      <Filter>Source Files</Filter>
    </ClCompile>
    <ClCompile Include="CRTexture2DD3D.cpp">
      <Filter>Source Files</Filter>
    </ClCompile>
    <ClCompile Include="CRTextureCubeD3D.cpp">
      <Filter>Source Files</Filter>
    </ClCompile>
    <ClCompile Include="CRTextureRTD3D.cpp">
      <Filter>Source Files</Filter>
    </ClCompile>
    <ClCompile Include="CRVertexBufferD3D.cpp">
      <Filter>Source Files</Filter>
    </ClCompile>
    <ClCompile Include="CRVertexBufferGroupD3D.cpp">
      <Filter>Source Files</Filter>
    </ClCompile>
    <ClCompile Include="Main.cpp">
      <Filter>Source Files</Filter>
    </ClCompile>
    <ClCompile Include="RD3DEffectStateManager.cpp">
      <Filter>Source Files</Filter>
    </ClCompile>
    <ClCompile Include="RendererD3D.cpp">
      <Filter>Source Files</Filter>
    </ClCompile>
    <ClCompile Include="CRTexture3DD3D.cpp">
      <Filter>Source Files</Filter>
    </ClCompile>
  </ItemGroup>
  <ItemGroup>
    <ClInclude Include="CRDepthBufferD3D.h">
      <Filter>Header Files</Filter>
    </ClInclude>
    <ClInclude Include="CREffectD3DTemplate.h">
      <Filter>Header Files</Filter>
    </ClInclude>
    <ClInclude Include="CRIndexBufferD3D.h">
      <Filter>Header Files</Filter>
    </ClInclude>
    <ClInclude Include="CRRendererD3D.h">
      <Filter>Header Files</Filter>
    </ClInclude>
    <ClInclude Include="CRRenderGroupD3D.h">
      <Filter>Header Files</Filter>
    </ClInclude>
    <ClInclude Include="CRResourceMgrD3D.h">
      <Filter>Header Files</Filter>
    </ClInclude>
    <ClInclude Include="CRTexture2DD3D.h">
      <Filter>Header Files</Filter>
    </ClInclude>
    <ClInclude Include="CRTextureCubeD3D.h">
      <Filter>Header Files</Filter>
    </ClInclude>
    <ClInclude Include="CRTextureRTD3D.h">
      <Filter>Header Files</Filter>
    </ClInclude>
    <ClInclude Include="CRVertexBufferD3D.h">
      <Filter>Header Files</Filter>
    </ClInclude>
    <ClInclude Include="CRVertexBufferGroupD3D.h">
      <Filter>Header Files</Filter>
    </ClInclude>
    <ClInclude Include="D3DConversionFns.h">
      <Filter>Header Files</Filter>
    </ClInclude>
    <ClInclude Include="RD3DEffectStateManager.h">
      <Filter>Header Files</Filter>
    </ClInclude>
    <ClInclude Include="RendererD3D.h">
      <Filter>Header Files</Filter>
    </ClInclude>
    <ClInclude Include="CRTexture3DD3D.h">
      <Filter>Header Files</Filter>
    </ClInclude>
  </ItemGroup>
  <ItemGroup>
    <None Include="ReadMe.txt" />
  </ItemGroup>
</Project>