<?xml version="1.0" encoding="utf-8"?>
<Project ToolsVersion="4.0" xmlns="http://schemas.microsoft.com/developer/msbuild/2003">
  <ItemGroup>
    <Filter Include="Source Files">
      <UniqueIdentifier>{4FC737F1-C7A5-4376-A066-2A32D752A2FF}</UniqueIdentifier>
      <Extensions>cpp;c;cc;cxx;def;odl;idl;hpj;bat;asm;asmx</Extensions>
    </Filter>
    <Filter Include="Header Files">
      <UniqueIdentifier>{93995380-89BD-4b04-88EB-625FBE52EBFB}</UniqueIdentifier>
      <Extensions>h;hpp;hxx;hm;inl;inc;xsd</Extensions>
    </Filter>
    <Filter Include="Resource Files">
      <UniqueIdentifier>{67DA6AB6-F800-4c08-8B7A-83BB121AAD01}</UniqueIdentifier>
      <Extensions>rc;ico;cur;bmp;dlg;rc2;rct;bin;rgs;gif;jpg;jpeg;jpe;resx;tiff;tif;png;wav</Extensions>
    </Filter>
  </ItemGroup>
  <ItemGroup>
    <ClCompile Include="CRDepthBuffer.cpp">
      <Filter>Source Files</Filter>
    </ClCompile>
    <ClCompile Include="CREffect.cpp">
      <Filter>Source Files</Filter>
    </ClCompile>
    <ClCompile Include="CREffectTemplate.cpp">
      <Filter>Source Files</Filter>
    </ClCompile>
    <ClCompile Include="CRIndexBuffer.cpp">
      <Filter>Source Files</Filter>
    </ClCompile>
    <ClCompile Include="CRRenderer.cpp">
      <Filter>Source Files</Filter>
    </ClCompile>
    <ClCompile Include="CRRenderGroup.cpp">
      <Filter>Source Files</Filter>
    </ClCompile>
    <ClCompile Include="CRResourceMgr.cpp">
      <Filter>Source Files</Filter>
    </ClCompile>
    <ClCompile Include="CRTexture2D.cpp">
      <Filter>Source Files</Filter>
    </ClCompile>
    <ClCompile Include="CRTextureCube.cpp">
      <Filter>Source Files</Filter>
    </ClCompile>
    <ClCompile Include="CRTextureRT.cpp">
      <Filter>Source Files</Filter>
    </ClCompile>
    <ClCompile Include="CRVertexBuffer.cpp">
      <Filter>Source Files</Filter>
    </ClCompile>
    <ClCompile Include="CRVertexBufferGroup.cpp">
      <Filter>Source Files</Filter>
    </ClCompile>
    <ClCompile Include="RenderOpPool.cpp">
      <Filter>Source Files</Filter>
    </ClCompile>
    <ClCompile Include="CRTexture3D.cpp">
      <Filter>Source Files</Filter>
    </ClCompile>
    <ClCompile Include="RendererFramework.cpp" />
  </ItemGroup>
  <ItemGroup>
    <ClInclude Include="CRDepthBuffer.h">
      <Filter>Header Files</Filter>
    </ClInclude>
    <ClInclude Include="CREffect.h">
      <Filter>Header Files</Filter>
    </ClInclude>
    <ClInclude Include="CREffectTemplate.h">
      <Filter>Header Files</Filter>
    </ClInclude>
    <ClInclude Include="CRIndexBuffer.h">
      <Filter>Header Files</Filter>
    </ClInclude>
    <ClInclude Include="CRRenderer.h">
      <Filter>Header Files</Filter>
    </ClInclude>
    <ClInclude Include="CRRenderGroup.h">
      <Filter>Header Files</Filter>
    </ClInclude>
    <ClInclude Include="CRResource.h">
      <Filter>Header Files</Filter>
    </ClInclude>
    <ClInclude Include="CRResourceMgr.h">
      <Filter>Header Files</Filter>
    </ClInclude>
    <ClInclude Include="CRTexture.h">
      <Filter>Header Files</Filter>
    </ClInclude>
    <ClInclude Include="CRTexture2D.h">
      <Filter>Header Files</Filter>
    </ClInclude>
    <ClInclude Include="CRTextureCube.h">
      <Filter>Header Files</Filter>
    </ClInclude>
    <ClInclude Include="CRTextureRT.h">
      <Filter>Header Files</Filter>
    </ClInclude>
    <ClInclude Include="CRVertexBuffer.h">
      <Filter>Header Files</Filter>
    </ClInclude>
    <ClInclude Include="CRVertexBufferGroup.h">
      <Filter>Header Files</Filter>
    </ClInclude>
    <ClInclude Include="Interfaces.h">
      <Filter>Header Files</Filter>
    </ClInclude>
    <ClInclude Include="RenderOpPool.h">
      <Filter>Header Files</Filter>
    </ClInclude>
    <ClInclude Include="CRTexture3D.h">
      <Filter>Header Files</Filter>
    </ClInclude>
    <ClInclude Include="Renderer.h" />
    <ClInclude Include="RendererFramework.h" />
  </ItemGroup>
  <ItemGroup>
    <None Include="Applications should include only Renderer.h header" />
  </ItemGroup>
</Project>